
Microsoft Visual Studio Solution File, Format Version 12.00
# Visual Studio 14
VisualStudioVersion = 14.0.25420.1
MinimumVisualStudioVersion = 10.0.40219.1
Project("{FAE04EC0-301F-11D3-BF4B-00C04F79EFBC}") = "JModelling", "JModelling\JModelling\JModelling.csproj", "{9F73BC6D-2C5B-4547-B020-C2AE7A54DB62}"
EndProject
Project("{FAE04EC0-301F-11D3-BF4B-00C04F79EFBC}") = "JModellingContent", "JModelling\JModellingContent\JModellingContent.contentproj", "{DB49162D-2C0E-4A55-A2FC-2A136AF3BC87}"
EndProject
Global
	GlobalSection(SolutionConfigurationPlatforms) = preSolution
		Debug|x86 = Debug|x86
		Release|x86 = Release|x86
	EndGlobalSection
	GlobalSection(ProjectConfigurationPlatforms) = postSolution
		{9F73BC6D-2C5B-4547-B020-C2AE7A54DB62}.Debug|x86.ActiveCfg = Debug|x86
		{9F73BC6D-2C5B-4547-B020-C2AE7A54DB62}.Debug|x86.Build.0 = Debug|x86
		{9F73BC6D-2C5B-4547-B020-C2AE7A54DB62}.Release|x86.ActiveCfg = Release|x86
		{9F73BC6D-2C5B-4547-B020-C2AE7A54DB62}.Release|x86.Build.0 = Release|x86
		{DB49162D-2C0E-4A55-A2FC-2A136AF3BC87}.Debug|x86.ActiveCfg = Debug|x86
		{DB49162D-2C0E-4A55-A2FC-2A136AF3BC87}.Release|x86.ActiveCfg = Release|x86
	EndGlobalSection
	GlobalSection(SolutionProperties) = preSolution
		HideSolutionNode = FALSE
	EndGlobalSection
EndGlobal
